
Microsoft Visual Studio Solution File, Format Version 12.00
# Visual Studio Version 16
VisualStudioVersion = 16.0.30717.126
MinimumVisualStudioVersion = 10.0.40219.1
Project("{9A19103F-16F7-4668-BE54-9A1E7A4F7556}") = "CloudStorage", "CloudStorage\CloudStorage.csproj", "{73DEFF39-0F38-475C-818E-989172519266}"
EndProject
Project("{2150E333-8FDC-42A3-9474-1A3956D46DE8}") = "tests", "tests", "{9EFEB8EA-FADD-4BCC-A02E-CCD438736B80}"
EndProject
Project("{2150E333-8FDC-42A3-9474-1A3956D46DE8}") = "tencent", "tencent", "{4E60A559-54C6-475E-9EE5-21C702F749C7}"
EndProject
Project("{2150E333-8FDC-42A3-9474-1A3956D46DE8}") = "ali", "ali", "{AA479B36-7943-4F19-B739-50FBA9AD00A6}"
EndProject
Project("{2150E333-8FDC-42A3-9474-1A3956D46DE8}") = "amazon", "amazon", "{B581A361-B8D6-46DD-85A4-DFD8733423A4}"
EndProject
Project("{2150E333-8FDC-42A3-9474-1A3956D46DE8}") = "src", "src", "{014BF9A0-7C49-4388-996E-888E9EF7C5BE}"
EndProject
Project("{9A19103F-16F7-4668-BE54-9A1E7A4F7556}") = "CloudStorage.Model", "CloudStorage.Model\CloudStorage.Model.csproj", "{33B88D1E-5585-4AA5-AE96-2E515E35791E}"
EndProject
Project("{FAE04EC0-301F-11D3-BF4B-00C04F79EFBC}") = "CloudStorage.Amazon.S3", "CloudStorage.Amazon.S3\CloudStorage.Amazon.S3.csproj", "{35FAED1D-9675-4E12-ADDA-1A4BD66CF994}"
	ProjectSection(ProjectDependencies) = postProject
		{33B88D1E-5585-4AA5-AE96-2E515E35791E} = {33B88D1E-5585-4AA5-AE96-2E515E35791E}
		{248EE779-F993-47FA-9B1A-CD6E4765F0DA} = {248EE779-F993-47FA-9B1A-CD6E4765F0DA}
	EndProjectSection
EndProject
Project("{FAE04EC0-301F-11D3-BF4B-00C04F79EFBC}") = "CloudStorage.Tencent.Cos", "CloudStorage.Tencent.Cos\CloudStorage.Tencent.Cos.csproj", "{21BA8328-B286-48BD-B701-CC96B62F1499}"
	ProjectSection(ProjectDependencies) = postProject
		{33B88D1E-5585-4AA5-AE96-2E515E35791E} = {33B88D1E-5585-4AA5-AE96-2E515E35791E}
		{248EE779-F993-47FA-9B1A-CD6E4765F0DA} = {248EE779-F993-47FA-9B1A-CD6E4765F0DA}
	EndProjectSection
EndProject
Project("{FAE04EC0-301F-11D3-BF4B-00C04F79EFBC}") = "CloudStorage.Ali.Oss", "CloudStorage.Ali.Oss\CloudStorage.Ali.Oss.csproj", "{383BA465-EE6D-4BBA-969D-6B53DCA42081}"
EndProject
Project("{FAE04EC0-301F-11D3-BF4B-00C04F79EFBC}") = "CloudStorage.Interfaces", "CloudStorage.Interfaces\CloudStorage.Interfaces.csproj", "{248EE779-F993-47FA-9B1A-CD6E4765F0DA}"
EndProject
Project("{FAE04EC0-301F-11D3-BF4B-00C04F79EFBC}") = "CloudStorage.Config", "CloudStorage.Config\CloudStorage.Config.csproj", "{5FCE87B9-0BC2-457A-94DD-C94DA1B6D5E8}"
EndProject
Global
	GlobalSection(SolutionConfigurationPlatforms) = preSolution
		Debug|Any CPU = Debug|Any CPU
		Release|Any CPU = Release|Any CPU
	EndGlobalSection
	GlobalSection(ProjectConfigurationPlatforms) = postSolution
		{73DEFF39-0F38-475C-818E-989172519266}.Debug|Any CPU.ActiveCfg = Debug|Any CPU
		{73DEFF39-0F38-475C-818E-989172519266}.Debug|Any CPU.Build.0 = Debug|Any CPU
		{73DEFF39-0F38-475C-818E-989172519266}.Release|Any CPU.ActiveCfg = Release|Any CPU
		{73DEFF39-0F38-475C-818E-989172519266}.Release|Any CPU.Build.0 = Release|Any CPU
		{33B88D1E-5585-4AA5-AE96-2E515E35791E}.Debug|Any CPU.ActiveCfg = Debug|Any CPU
		{33B88D1E-5585-4AA5-AE96-2E515E35791E}.Debug|Any CPU.Build.0 = Debug|Any CPU
		{33B88D1E-5585-4AA5-AE96-2E515E35791E}.Release|Any CPU.ActiveCfg = Release|Any CPU
		{33B88D1E-5585-4AA5-AE96-2E515E35791E}.Release|Any CPU.Build.0 = Release|Any CPU
		{35FAED1D-9675-4E12-ADDA-1A4BD66CF994}.Debug|Any CPU.ActiveCfg = Debug|Any CPU
		{35FAED1D-9675-4E12-ADDA-1A4BD66CF994}.Debug|Any CPU.Build.0 = Debug|Any CPU
		{35FAED1D-9675-4E12-ADDA-1A4BD66CF994}.Release|Any CPU.ActiveCfg = Release|Any CPU
		{35FAED1D-9675-4E12-ADDA-1A4BD66CF994}.Release|Any CPU.Build.0 = Release|Any CPU
		{21BA8328-B286-48BD-B701-CC96B62F1499}.Debug|Any CPU.ActiveCfg = Debug|Any CPU
		{21BA8328-B286-48BD-B701-CC96B62F1499}.Debug|Any CPU.Build.0 = Debug|Any CPU
		{21BA8328-B286-48BD-B701-CC96B62F1499}.Release|Any CPU.ActiveCfg = Release|Any CPU
		{21BA8328-B286-48BD-B701-CC96B62F1499}.Release|Any CPU.Build.0 = Release|Any CPU
		{383BA465-EE6D-4BBA-969D-6B53DCA42081}.Debug|Any CPU.ActiveCfg = Debug|Any CPU
		{383BA465-EE6D-4BBA-969D-6B53DCA42081}.Debug|Any CPU.Build.0 = Debug|Any CPU
		{383BA465-EE6D-4BBA-969D-6B53DCA42081}.Release|Any CPU.ActiveCfg = Release|Any CPU
		{383BA465-EE6D-4BBA-969D-6B53DCA42081}.Release|Any CPU.Build.0 = Release|Any CPU
		{248EE779-F993-47FA-9B1A-CD6E4765F0DA}.Debug|Any CPU.ActiveCfg = Debug|Any CPU
		{248EE779-F993-47FA-9B1A-CD6E4765F0DA}.Debug|Any CPU.Build.0 = Debug|Any CPU
		{248EE779-F993-47FA-9B1A-CD6E4765F0DA}.Release|Any CPU.ActiveCfg = Release|Any CPU
		{248EE779-F993-47FA-9B1A-CD6E4765F0DA}.Release|Any CPU.Build.0 = Release|Any CPU
		{5FCE87B9-0BC2-457A-94DD-C94DA1B6D5E8}.Debug|Any CPU.ActiveCfg = Debug|Any CPU
		{5FCE87B9-0BC2-457A-94DD-C94DA1B6D5E8}.Debug|Any CPU.Build.0 = Debug|Any CPU
		{5FCE87B9-0BC2-457A-94DD-C94DA1B6D5E8}.Release|Any CPU.ActiveCfg = Release|Any CPU
		{5FCE87B9-0BC2-457A-94DD-C94DA1B6D5E8}.Release|Any CPU.Build.0 = Release|Any CPU
	EndGlobalSection
	GlobalSection(SolutionProperties) = preSolution
		HideSolutionNode = FALSE
	EndGlobalSection
	GlobalSection(NestedProjects) = preSolution
		{73DEFF39-0F38-475C-818E-989172519266} = {014BF9A0-7C49-4388-996E-888E9EF7C5BE}
		{4E60A559-54C6-475E-9EE5-21C702F749C7} = {014BF9A0-7C49-4388-996E-888E9EF7C5BE}
		{AA479B36-7943-4F19-B739-50FBA9AD00A6} = {014BF9A0-7C49-4388-996E-888E9EF7C5BE}
		{B581A361-B8D6-46DD-85A4-DFD8733423A4} = {014BF9A0-7C49-4388-996E-888E9EF7C5BE}
		{33B88D1E-5585-4AA5-AE96-2E515E35791E} = {014BF9A0-7C49-4388-996E-888E9EF7C5BE}
		{35FAED1D-9675-4E12-ADDA-1A4BD66CF994} = {B581A361-B8D6-46DD-85A4-DFD8733423A4}
		{21BA8328-B286-48BD-B701-CC96B62F1499} = {4E60A559-54C6-475E-9EE5-21C702F749C7}
		{383BA465-EE6D-4BBA-969D-6B53DCA42081} = {AA479B36-7943-4F19-B739-50FBA9AD00A6}
		{248EE779-F993-47FA-9B1A-CD6E4765F0DA} = {014BF9A0-7C49-4388-996E-888E9EF7C5BE}
		{5FCE87B9-0BC2-457A-94DD-C94DA1B6D5E8} = {014BF9A0-7C49-4388-996E-888E9EF7C5BE}
	EndGlobalSection
	GlobalSection(ExtensibilityGlobals) = postSolution
		SolutionGuid = {CCC762FE-FDF3-42B4-BA36-F038397980BC}
	EndGlobalSection
EndGlobal
